{
  "version": 4,
  "terraform_version": "1.3.6",
  "serial": 25,
  "lineage": "92b66c44-721b-15c9-d722-0bec2d14c26a",
  "outputs": {
    "Master01_node": {
      "value": "10.0.2.29",
      "type": "string"
    },
    "Master02_node": {
      "value": "10.0.3.114",
      "type": "string"
    },
    "Master03_node": {
      "value": "10.0.4.108",
      "type": "string"
    },
    "Worker01_node": {
      "value": "10.0.2.149",
      "type": "string"
    },
    "Worker02_node": {
      "value": "10.0.3.55",
      "type": "string"
    }
  },
  "resources": [
    {
      "mode": "managed",
      "type": "aws_eip",
      "name": "ssmk_nat_eip",
      "provider": "provider[\"registry.terraform.io/hashicorp/aws\"]",
      "instances": [
        {
          "schema_version": 0,
          "attributes": {
            "address": null,
            "allocation_id": "eipalloc-005f83f719d2cefd7",
            "associate_with_private_ip": null,
            "association_id": "",
            "carrier_ip": "",
            "customer_owned_ip": "",
            "customer_owned_ipv4_pool": "",
            "domain": "vpc",
            "id": "eipalloc-005f83f719d2cefd7",
            "instance": "",
            "network_border_group": "eu-west-2",
            "network_interface": "",
            "private_dns": null,
            "private_ip": "",
            "public_dns": "ec2-18-170-240-130.eu-west-2.compute.amazonaws.com",
            "public_ip": "18.170.240.130",
            "public_ipv4_pool": "amazon",
            "tags": {
              "Name": "ssmk_nat_eip"
            },
            "tags_all": {
              "Name": "ssmk_nat_eip"
            },
            "timeouts": null,
            "vpc": true
          },
          "sensitive_attributes": [],
          "private": "eyJlMmJmYjczMC1lY2FhLTExZTYtOGY4OC0zNDM2M2JjN2M0YzAiOnsiZGVsZXRlIjoxODAwMDAwMDAwMDAsInJlYWQiOjkwMDAwMDAwMDAwMCwidXBkYXRlIjozMDAwMDAwMDAwMDB9fQ=="
        }
      ]
    },
    {
      "mode": "managed",
      "type": "aws_instance",
      "name": "Bastion_Host_ssmk",
      "provider": "provider[\"registry.terraform.io/hashicorp/aws\"]",
      "instances": [
        {
          "schema_version": 1,
          "attributes": {
            "ami": "ami-0f540e9f488cfa27d",
            "arn": "arn:aws:ec2:eu-west-2:803077056902:instance/i-0e4d1e7c0627784e4",
            "associate_public_ip_address": true,
            "availability_zone": "eu-west-2a",
            "capacity_reservation_specification": [
              {
                "capacity_reservation_preference": "open",
                "capacity_reservation_target": []
              }
            ],
            "cpu_core_count": 1,
            "cpu_threads_per_core": 1,
            "credit_specification": [
              {
                "cpu_credits": "standard"
              }
            ],
            "disable_api_stop": false,
            "disable_api_termination": false,
            "ebs_block_device": [],
            "ebs_optimized": false,
            "enclave_options": [
              {
                "enabled": false
              }
            ],
            "ephemeral_block_device": [],
            "get_password_data": false,
            "hibernation": false,
            "host_id": null,
            "host_resource_group_arn": null,
            "iam_instance_profile": "",
            "id": "i-0e4d1e7c0627784e4",
            "instance_initiated_shutdown_behavior": "stop",
            "instance_state": "running",
            "instance_type": "t2.micro",
            "ipv6_address_count": 0,
            "ipv6_addresses": [],
            "key_name": "ssmk_pub_key",
            "launch_template": [],
            "maintenance_options": [
              {
                "auto_recovery": "default"
              }
            ],
            "metadata_options": [
              {
                "http_endpoint": "enabled",
                "http_put_response_hop_limit": 1,
                "http_tokens": "optional",
                "instance_metadata_tags": "disabled"
              }
            ],
            "monitoring": false,
            "network_interface": [],
            "outpost_arn": "",
            "password_data": "",
            "placement_group": "",
            "placement_partition_number": null,
            "primary_network_interface_id": "eni-09a838227c4e923a8",
            "private_dns": "ip-10-0-0-44.eu-west-2.compute.internal",
            "private_dns_name_options": [
              {
                "enable_resource_name_dns_a_record": false,
                "enable_resource_name_dns_aaaa_record": false,
                "hostname_type": "ip-name"
              }
            ],
            "private_ip": "10.0.0.44",
            "public_dns": "",
            "public_ip": "18.130.23.3",
            "root_block_device": [
              {
                "delete_on_termination": true,
                "device_name": "/dev/sda1",
                "encrypted": false,
                "iops": 100,
                "kms_key_id": "",
                "tags": {},
                "throughput": 0,
                "volume_id": "vol-075cdebe393a05095",
                "volume_size": 8,
                "volume_type": "gp2"
              }
            ],
            "secondary_private_ips": [],
            "security_groups": [],
            "source_dest_check": true,
            "subnet_id": "subnet-010c71a03074dc2f3",
            "tags": {
              "Name": "Bastion_Host_ssmk"
            },
            "tags_all": {
              "Name": "Bastion_Host_ssmk"
            },
            "tenancy": "default",
            "timeouts": null,
            "user_data": "e582974fc1044454ed4b16f960edce758540483d",
            "user_data_base64": null,
            "user_data_replace_on_change": false,
            "volume_tags": null,
            "vpc_security_group_ids": [
              "sg-0911f23436bc52428"
            ]
          },
          "sensitive_attributes": [
            [
              {
                "type": "get_attr",
                "value": "user_data"
              }
            ]
          ],
          "private": "eyJlMmJmYjczMC1lY2FhLTExZTYtOGY4OC0zNDM2M2JjN2M0YzAiOnsiY3JlYXRlIjo2MDAwMDAwMDAwMDAsImRlbGV0ZSI6MTIwMDAwMDAwMDAwMCwidXBkYXRlIjo2MDAwMDAwMDAwMDB9LCJzY2hlbWFfdmVyc2lvbiI6IjEifQ==",
          "dependencies": [
            "aws_key_pair.ssmk_pubkey",
            "aws_security_group.ssmk_sg_bastion",
            "aws_subnet.ssmk_pub_sn1",
            "aws_vpc.ssmk_vpc",
            "tls_private_key.ssmk_key"
          ]
        }
      ]
    },
    {
      "mode": "managed",
      "type": "aws_instance",
      "name": "Master01_node",
      "provider": "provider[\"registry.terraform.io/hashicorp/aws\"]",
      "instances": [
        {
          "schema_version": 1,
          "attributes": {
            "ami": "ami-0f540e9f488cfa27d",
            "arn": "arn:aws:ec2:eu-west-2:803077056902:instance/i-096d7ec6f0f8cc3de",
            "associate_public_ip_address": false,
            "availability_zone": "eu-west-2a",
            "capacity_reservation_specification": [
              {
                "capacity_reservation_preference": "open",
                "capacity_reservation_target": []
              }
            ],
            "cpu_core_count": 2,
            "cpu_threads_per_core": 1,
            "credit_specification": [
              {
                "cpu_credits": "standard"
              }
            ],
            "disable_api_stop": false,
            "disable_api_termination": false,
            "ebs_block_device": [],
            "ebs_optimized": false,
            "enclave_options": [
              {
                "enabled": false
              }
            ],
            "ephemeral_block_device": [],
            "get_password_data": false,
            "hibernation": false,
            "host_id": null,
            "host_resource_group_arn": null,
            "iam_instance_profile": "",
            "id": "i-096d7ec6f0f8cc3de",
            "instance_initiated_shutdown_behavior": "stop",
            "instance_state": "running",
            "instance_type": "t2.medium",
            "ipv6_address_count": 0,
            "ipv6_addresses": [],
            "key_name": "ssmk_pub_key",
            "launch_template": [],
            "maintenance_options": [
              {
                "auto_recovery": "default"
              }
            ],
            "metadata_options": [
              {
                "http_endpoint": "enabled",
                "http_put_response_hop_limit": 1,
                "http_tokens": "optional",
                "instance_metadata_tags": "disabled"
              }
            ],
            "monitoring": false,
            "network_interface": [],
            "outpost_arn": "",
            "password_data": "",
            "placement_group": "",
            "placement_partition_number": null,
            "primary_network_interface_id": "eni-06d0fba2385d44251",
            "private_dns": "ip-10-0-2-29.eu-west-2.compute.internal",
            "private_dns_name_options": [
              {
                "enable_resource_name_dns_a_record": false,
                "enable_resource_name_dns_aaaa_record": false,
                "hostname_type": "ip-name"
              }
            ],
            "private_ip": "10.0.2.29",
            "public_dns": "",
            "public_ip": "",
            "root_block_device": [
              {
                "delete_on_termination": true,
                "device_name": "/dev/sda1",
                "encrypted": false,
                "iops": 100,
                "kms_key_id": "",
                "tags": {},
                "throughput": 0,
                "volume_id": "vol-07ef4f6dbebbacd04",
                "volume_size": 8,
                "volume_type": "gp2"
              }
            ],
            "secondary_private_ips": [],
            "security_groups": [],
            "source_dest_check": true,
            "subnet_id": "subnet-018d8ebba44e1eec2",
            "tags": {
              "Name": "Master01_node"
            },
            "tags_all": {
              "Name": "Master01_node"
            },
            "tenancy": "default",
            "timeouts": null,
            "user_data": "adb4747e8355b6a02aae26035e460d0f5b13255e",
            "user_data_base64": null,
            "user_data_replace_on_change": false,
            "volume_tags": null,
            "vpc_security_group_ids": [
              "sg-06239677972c90bf6"
            ]
          },
          "sensitive_attributes": [],
          "private": "eyJlMmJmYjczMC1lY2FhLTExZTYtOGY4OC0zNDM2M2JjN2M0YzAiOnsiY3JlYXRlIjo2MDAwMDAwMDAwMDAsImRlbGV0ZSI6MTIwMDAwMDAwMDAwMCwidXBkYXRlIjo2MDAwMDAwMDAwMDB9LCJzY2hlbWFfdmVyc2lvbiI6IjEifQ==",
          "dependencies": [
            "aws_key_pair.ssmk_pubkey",
            "aws_security_group.ssmk_sg_master_node",
            "aws_subnet.ssmk_prv_sn1",
            "aws_vpc.ssmk_vpc",
            "tls_private_key.ssmk_key"
          ]
        }
      ]
    },
    {
      "mode": "managed",
      "type": "aws_instance",
      "name": "Master02_node",
      "provider": "provider[\"registry.terraform.io/hashicorp/aws\"]",
      "instances": [
        {
          "schema_version": 1,
          "attributes": {
            "ami": "ami-0f540e9f488cfa27d",
            "arn": "arn:aws:ec2:eu-west-2:803077056902:instance/i-0f8fc9f26250aab33",
            "associate_public_ip_address": false,
            "availability_zone": "eu-west-2b",
            "capacity_reservation_specification": [
              {
                "capacity_reservation_preference": "open",
                "capacity_reservation_target": []
              }
            ],
            "cpu_core_count": 2,
            "cpu_threads_per_core": 1,
            "credit_specification": [
              {
                "cpu_credits": "standard"
              }
            ],
            "disable_api_stop": false,
            "disable_api_termination": false,
            "ebs_block_device": [],
            "ebs_optimized": false,
            "enclave_options": [
              {
                "enabled": false
              }
            ],
            "ephemeral_block_device": [],
            "get_password_data": false,
            "hibernation": false,
            "host_id": null,
            "host_resource_group_arn": null,
            "iam_instance_profile": "",
            "id": "i-0f8fc9f26250aab33",
            "instance_initiated_shutdown_behavior": "stop",
            "instance_state": "running",
            "instance_type": "t2.medium",
            "ipv6_address_count": 0,
            "ipv6_addresses": [],
            "key_name": "ssmk_pub_key",
            "launch_template": [],
            "maintenance_options": [
              {
                "auto_recovery": "default"
              }
            ],
            "metadata_options": [
              {
                "http_endpoint": "enabled",
                "http_put_response_hop_limit": 1,
                "http_tokens": "optional",
                "instance_metadata_tags": "disabled"
              }
            ],
            "monitoring": false,
            "network_interface": [],
            "outpost_arn": "",
            "password_data": "",
            "placement_group": "",
            "placement_partition_number": null,
            "primary_network_interface_id": "eni-0ecb277556590c65b",
            "private_dns": "ip-10-0-3-114.eu-west-2.compute.internal",
            "private_dns_name_options": [
              {
                "enable_resource_name_dns_a_record": false,
                "enable_resource_name_dns_aaaa_record": false,
                "hostname_type": "ip-name"
              }
            ],
            "private_ip": "10.0.3.114",
            "public_dns": "",
            "public_ip": "",
            "root_block_device": [
              {
                "delete_on_termination": true,
                "device_name": "/dev/sda1",
                "encrypted": false,
                "iops": 100,
                "kms_key_id": "",
                "tags": {},
                "throughput": 0,
                "volume_id": "vol-08df6356fbe636975",
                "volume_size": 8,
                "volume_type": "gp2"
              }
            ],
            "secondary_private_ips": [],
            "security_groups": [],
            "source_dest_check": true,
            "subnet_id": "subnet-06e10e0aba83b3fde",
            "tags": {
              "Name": "Master02_node"
            },
            "tags_all": {
              "Name": "Master02_node"
            },
            "tenancy": "default",
            "timeouts": null,
            "user_data": "b4981b4e6ce4154016290bbbf9d8ec967ed4d0a7",
            "user_data_base64": null,
            "user_data_replace_on_change": false,
            "volume_tags": null,
            "vpc_security_group_ids": [
              "sg-06239677972c90bf6"
            ]
          },
          "sensitive_attributes": [],
          "private": "eyJlMmJmYjczMC1lY2FhLTExZTYtOGY4OC0zNDM2M2JjN2M0YzAiOnsiY3JlYXRlIjo2MDAwMDAwMDAwMDAsImRlbGV0ZSI6MTIwMDAwMDAwMDAwMCwidXBkYXRlIjo2MDAwMDAwMDAwMDB9LCJzY2hlbWFfdmVyc2lvbiI6IjEifQ==",
          "dependencies": [
            "aws_key_pair.ssmk_pubkey",
            "aws_security_group.ssmk_sg_master_node",
            "aws_subnet.ssmk_prv_sn2",
            "aws_vpc.ssmk_vpc",
            "tls_private_key.ssmk_key"
          ]
        }
      ]
    },
    {
      "mode": "managed",
      "type": "aws_instance",
      "name": "Master03_node",
      "provider": "provider[\"registry.terraform.io/hashicorp/aws\"]",
      "instances": [
        {
          "schema_version": 1,
          "attributes": {
            "ami": "ami-0f540e9f488cfa27d",
            "arn": "arn:aws:ec2:eu-west-2:803077056902:instance/i-0ef357e48d0395e58",
            "associate_public_ip_address": false,
            "availability_zone": "eu-west-2c",
            "capacity_reservation_specification": [
              {
                "capacity_reservation_preference": "open",
                "capacity_reservation_target": []
              }
            ],
            "cpu_core_count": 2,
            "cpu_threads_per_core": 1,
            "credit_specification": [
              {
                "cpu_credits": "standard"
              }
            ],
            "disable_api_stop": false,
            "disable_api_termination": false,
            "ebs_block_device": [],
            "ebs_optimized": false,
            "enclave_options": [
              {
                "enabled": false
              }
            ],
            "ephemeral_block_device": [],
            "get_password_data": false,
            "hibernation": false,
            "host_id": null,
            "host_resource_group_arn": null,
            "iam_instance_profile": "",
            "id": "i-0ef357e48d0395e58",
            "instance_initiated_shutdown_behavior": "stop",
            "instance_state": "running",
            "instance_type": "t2.medium",
            "ipv6_address_count": 0,
            "ipv6_addresses": [],
            "key_name": "ssmk_pub_key",
            "launch_template": [],
            "maintenance_options": [
              {
                "auto_recovery": "default"
              }
            ],
            "metadata_options": [
              {
                "http_endpoint": "enabled",
                "http_put_response_hop_limit": 1,
                "http_tokens": "optional",
                "instance_metadata_tags": "disabled"
              }
            ],
            "monitoring": false,
            "network_interface": [],
            "outpost_arn": "",
            "password_data": "",
            "placement_group": "",
            "placement_partition_number": null,
            "primary_network_interface_id": "eni-0c124ee24cb02a16c",
            "private_dns": "ip-10-0-4-108.eu-west-2.compute.internal",
            "private_dns_name_options": [
              {
                "enable_resource_name_dns_a_record": false,
                "enable_resource_name_dns_aaaa_record": false,
                "hostname_type": "ip-name"
              }
            ],
            "private_ip": "10.0.4.108",
            "public_dns": "",
            "public_ip": "",
            "root_block_device": [
              {
                "delete_on_termination": true,
                "device_name": "/dev/sda1",
                "encrypted": false,
                "iops": 100,
                "kms_key_id": "",
                "tags": {},
                "throughput": 0,
                "volume_id": "vol-0bd9090ef50fa3f3b",
                "volume_size": 8,
                "volume_type": "gp2"
              }
            ],
            "secondary_private_ips": [],
            "security_groups": [],
            "source_dest_check": true,
            "subnet_id": "subnet-06cbf7caed3520760",
            "tags": {
              "Name": "Master03_node"
            },
            "tags_all": {
              "Name": "Master03_node"
            },
            "tenancy": "default",
            "timeouts": null,
            "user_data": "b30adb7624811150987881981f9c3511d7f59b20",
            "user_data_base64": null,
            "user_data_replace_on_change": false,
            "volume_tags": null,
            "vpc_security_group_ids": [
              "sg-06239677972c90bf6"
            ]
          },
          "sensitive_attributes": [],
          "private": "eyJlMmJmYjczMC1lY2FhLTExZTYtOGY4OC0zNDM2M2JjN2M0YzAiOnsiY3JlYXRlIjo2MDAwMDAwMDAwMDAsImRlbGV0ZSI6MTIwMDAwMDAwMDAwMCwidXBkYXRlIjo2MDAwMDAwMDAwMDB9LCJzY2hlbWFfdmVyc2lvbiI6IjEifQ==",
          "dependencies": [
            "aws_key_pair.ssmk_pubkey",
            "aws_security_group.ssmk_sg_master_node",
            "aws_subnet.ssmk_prv_sn3",
            "aws_vpc.ssmk_vpc",
            "tls_private_key.ssmk_key"
          ]
        }
      ]
    },
    {
      "mode": "managed",
      "type": "aws_instance",
      "name": "Worker01_node",
      "provider": "provider[\"registry.terraform.io/hashicorp/aws\"]",
      "instances": [
        {
          "schema_version": 1,
          "attributes": {
            "ami": "ami-0f540e9f488cfa27d",
            "arn": "arn:aws:ec2:eu-west-2:803077056902:instance/i-0792babcd0c67b490",
            "associate_public_ip_address": false,
            "availability_zone": "eu-west-2a",
            "capacity_reservation_specification": [
              {
                "capacity_reservation_preference": "open",
                "capacity_reservation_target": []
              }
            ],
            "cpu_core_count": 2,
            "cpu_threads_per_core": 1,
            "credit_specification": [
              {
                "cpu_credits": "standard"
              }
            ],
            "disable_api_stop": false,
            "disable_api_termination": false,
            "ebs_block_device": [],
            "ebs_optimized": false,
            "enclave_options": [
              {
                "enabled": false
              }
            ],
            "ephemeral_block_device": [],
            "get_password_data": false,
            "hibernation": false,
            "host_id": null,
            "host_resource_group_arn": null,
            "iam_instance_profile": "",
            "id": "i-0792babcd0c67b490",
            "instance_initiated_shutdown_behavior": "stop",
            "instance_state": "running",
            "instance_type": "t2.medium",
            "ipv6_address_count": 0,
            "ipv6_addresses": [],
            "key_name": "ssmk_pub_key",
            "launch_template": [],
            "maintenance_options": [
              {
                "auto_recovery": "default"
              }
            ],
            "metadata_options": [
              {
                "http_endpoint": "enabled",
                "http_put_response_hop_limit": 1,
                "http_tokens": "optional",
                "instance_metadata_tags": "disabled"
              }
            ],
            "monitoring": false,
            "network_interface": [],
            "outpost_arn": "",
            "password_data": "",
            "placement_group": "",
            "placement_partition_number": null,
            "primary_network_interface_id": "eni-06e23dcda43fb9d47",
            "private_dns": "ip-10-0-2-149.eu-west-2.compute.internal",
            "private_dns_name_options": [
              {
                "enable_resource_name_dns_a_record": false,
                "enable_resource_name_dns_aaaa_record": false,
                "hostname_type": "ip-name"
              }
            ],
            "private_ip": "10.0.2.149",
            "public_dns": "",
            "public_ip": "",
            "root_block_device": [
              {
                "delete_on_termination": true,
                "device_name": "/dev/sda1",
                "encrypted": false,
                "iops": 100,
                "kms_key_id": "",
                "tags": {},
                "throughput": 0,
                "volume_id": "vol-0105e3220e34b774c",
                "volume_size": 8,
                "volume_type": "gp2"
              }
            ],
            "secondary_private_ips": [],
            "security_groups": [],
            "source_dest_check": true,
            "subnet_id": "subnet-018d8ebba44e1eec2",
            "tags": {
              "Name": "Worker01_node"
            },
            "tags_all": {
              "Name": "Worker01_node"
            },
            "tenancy": "default",
            "timeouts": null,
            "user_data": "3e8d3b6bfdb0482ecfd79fc486cb7a4aee5726a5",
            "user_data_base64": null,
            "user_data_replace_on_change": false,
            "volume_tags": null,
            "vpc_security_group_ids": [
              "sg-06239677972c90bf6"
            ]
          },
          "sensitive_attributes": [],
          "private": "eyJlMmJmYjczMC1lY2FhLTExZTYtOGY4OC0zNDM2M2JjN2M0YzAiOnsiY3JlYXRlIjo2MDAwMDAwMDAwMDAsImRlbGV0ZSI6MTIwMDAwMDAwMDAwMCwidXBkYXRlIjo2MDAwMDAwMDAwMDB9LCJzY2hlbWFfdmVyc2lvbiI6IjEifQ==",
          "dependencies": [
            "aws_key_pair.ssmk_pubkey",
            "aws_security_group.ssmk_sg_master_node",
            "aws_subnet.ssmk_prv_sn1",
            "aws_vpc.ssmk_vpc",
            "tls_private_key.ssmk_key"
          ]
        }
      ]
    },
    {
      "mode": "managed",
      "type": "aws_instance",
      "name": "Worker02_node",
      "provider": "provider[\"registry.terraform.io/hashicorp/aws\"]",
      "instances": [
        {
          "schema_version": 1,
          "attributes": {
            "ami": "ami-0f540e9f488cfa27d",
            "arn": "arn:aws:ec2:eu-west-2:803077056902:instance/i-0e213100356a5ec7f",
            "associate_public_ip_address": false,
            "availability_zone": "eu-west-2b",
            "capacity_reservation_specification": [
              {
                "capacity_reservation_preference": "open",
                "capacity_reservation_target": []
              }
            ],
            "cpu_core_count": 2,
            "cpu_threads_per_core": 1,
            "credit_specification": [
              {
                "cpu_credits": "standard"
              }
            ],
            "disable_api_stop": false,
            "disable_api_termination": false,
            "ebs_block_device": [],
            "ebs_optimized": false,
            "enclave_options": [
              {
                "enabled": false
              }
            ],
            "ephemeral_block_device": [],
            "get_password_data": false,
            "hibernation": false,
            "host_id": null,
            "host_resource_group_arn": null,
            "iam_instance_profile": "",
            "id": "i-0e213100356a5ec7f",
            "instance_initiated_shutdown_behavior": "stop",
            "instance_state": "running",
            "instance_type": "t2.medium",
            "ipv6_address_count": 0,
            "ipv6_addresses": [],
            "key_name": "ssmk_pub_key",
            "launch_template": [],
            "maintenance_options": [
              {
                "auto_recovery": "default"
              }
            ],
            "metadata_options": [
              {
                "http_endpoint": "enabled",
                "http_put_response_hop_limit": 1,
                "http_tokens": "optional",
                "instance_metadata_tags": "disabled"
              }
            ],
            "monitoring": false,
            "network_interface": [],
            "outpost_arn": "",
            "password_data": "",
            "placement_group": "",
            "placement_partition_number": null,
            "primary_network_interface_id": "eni-091de2eb3a6fe09e0",
            "private_dns": "ip-10-0-3-55.eu-west-2.compute.internal",
            "private_dns_name_options": [
              {
                "enable_resource_name_dns_a_record": false,
                "enable_resource_name_dns_aaaa_record": false,
                "hostname_type": "ip-name"
              }
            ],
            "private_ip": "10.0.3.55",
            "public_dns": "",
            "public_ip": "",
            "root_block_device": [
              {
                "delete_on_termination": true,
                "device_name": "/dev/sda1",
                "encrypted": false,
                "iops": 100,
                "kms_key_id": "",
                "tags": {},
                "throughput": 0,
                "volume_id": "vol-0f1b1a569bfe3d85b",
                "volume_size": 8,
                "volume_type": "gp2"
              }
            ],
            "secondary_private_ips": [],
            "security_groups": [],
            "source_dest_check": true,
            "subnet_id": "subnet-06e10e0aba83b3fde",
            "tags": {
              "Name": "Worker02_node"
            },
            "tags_all": {
              "Name": "Worker02_node"
            },
            "tenancy": "default",
            "timeouts": null,
            "user_data": "d952a6caaf845f0673274d47a15aa7ca51a52725",
            "user_data_base64": null,
            "user_data_replace_on_change": false,
            "volume_tags": null,
            "vpc_security_group_ids": [
              "sg-06239677972c90bf6"
            ]
          },
          "sensitive_attributes": [],
          "private": "eyJlMmJmYjczMC1lY2FhLTExZTYtOGY4OC0zNDM2M2JjN2M0YzAiOnsiY3JlYXRlIjo2MDAwMDAwMDAwMDAsImRlbGV0ZSI6MTIwMDAwMDAwMDAwMCwidXBkYXRlIjo2MDAwMDAwMDAwMDB9LCJzY2hlbWFfdmVyc2lvbiI6IjEifQ==",
          "dependencies": [
            "aws_key_pair.ssmk_pubkey",
            "aws_security_group.ssmk_sg_master_node",
            "aws_subnet.ssmk_prv_sn2",
            "aws_vpc.ssmk_vpc",
            "tls_private_key.ssmk_key"
          ]
        }
      ]
    },
    {
      "mode": "managed",
      "type": "aws_instance",
      "name": "loadbalancer",
      "provider": "provider[\"registry.terraform.io/hashicorp/aws\"]",
      "instances": [
        {
          "schema_version": 1,
          "attributes": {
            "ami": "ami-0f540e9f488cfa27d",
            "arn": "arn:aws:ec2:eu-west-2:803077056902:instance/i-0d95b5c476669d4ba",
            "associate_public_ip_address": true,
            "availability_zone": "eu-west-2a",
            "capacity_reservation_specification": [
              {
                "capacity_reservation_preference": "open",
                "capacity_reservation_target": []
              }
            ],
            "cpu_core_count": 2,
            "cpu_threads_per_core": 1,
            "credit_specification": [
              {
                "cpu_credits": "standard"
              }
            ],
            "disable_api_stop": false,
            "disable_api_termination": false,
            "ebs_block_device": [],
            "ebs_optimized": false,
            "enclave_options": [
              {
                "enabled": false
              }
            ],
            "ephemeral_block_device": [],
            "get_password_data": false,
            "hibernation": false,
            "host_id": null,
            "host_resource_group_arn": null,
            "iam_instance_profile": "",
            "id": "i-0d95b5c476669d4ba",
            "instance_initiated_shutdown_behavior": "stop",
            "instance_state": "running",
            "instance_type": "t2.medium",
            "ipv6_address_count": 0,
            "ipv6_addresses": [],
            "key_name": "ssmk_pub_key",
            "launch_template": [],
            "maintenance_options": [
              {
                "auto_recovery": "default"
              }
            ],
            "metadata_options": [
              {
                "http_endpoint": "enabled",
                "http_put_response_hop_limit": 1,
                "http_tokens": "optional",
                "instance_metadata_tags": "disabled"
              }
            ],
            "monitoring": false,
            "network_interface": [],
            "outpost_arn": "",
            "password_data": "",
            "placement_group": "",
            "placement_partition_number": null,
            "primary_network_interface_id": "eni-09f13985e4ccba390",
            "private_dns": "ip-10-0-0-197.eu-west-2.compute.internal",
            "private_dns_name_options": [
              {
                "enable_resource_name_dns_a_record": false,
                "enable_resource_name_dns_aaaa_record": false,
                "hostname_type": "ip-name"
              }
            ],
            "private_ip": "10.0.0.197",
            "public_dns": "",
            "public_ip": "18.134.229.205",
            "root_block_device": [
              {
                "delete_on_termination": true,
                "device_name": "/dev/sda1",
                "encrypted": false,
                "iops": 100,
                "kms_key_id": "",
                "tags": {},
                "throughput": 0,
                "volume_id": "vol-0ea8d35492804c42d",
                "volume_size": 8,
                "volume_type": "gp2"
              }
            ],
            "secondary_private_ips": [],
            "security_groups": [],
            "source_dest_check": true,
            "subnet_id": "subnet-010c71a03074dc2f3",
            "tags": {
              "Name": "loadbalancer_node"
            },
            "tags_all": {
              "Name": "loadbalancer_node"
            },
            "tenancy": "default",
            "timeouts": null,
            "user_data": null,
            "user_data_base64": null,
            "user_data_replace_on_change": false,
            "volume_tags": null,
            "vpc_security_group_ids": [
              "sg-06239677972c90bf6"
            ]
          },
          "sensitive_attributes": [],
          "private": "eyJlMmJmYjczMC1lY2FhLTExZTYtOGY4OC0zNDM2M2JjN2M0YzAiOnsiY3JlYXRlIjo2MDAwMDAwMDAwMDAsImRlbGV0ZSI6MTIwMDAwMDAwMDAwMCwidXBkYXRlIjo2MDAwMDAwMDAwMDB9LCJzY2hlbWFfdmVyc2lvbiI6IjEifQ==",
          "dependencies": [
            "aws_key_pair.ssmk_pubkey",
            "aws_security_group.ssmk_sg_master_node",
            "aws_subnet.ssmk_pub_sn1",
            "aws_vpc.ssmk_vpc",
            "tls_private_key.ssmk_key"
          ]
        }
      ]
    },
    {
      "mode": "managed",
      "type": "aws_internet_gateway",
      "name": "ssmk_igw",
      "provider": "provider[\"registry.terraform.io/hashicorp/aws\"]",
      "instances": [
        {
          "schema_version": 0,
          "attributes": {
            "arn": "arn:aws:ec2:eu-west-2:803077056902:internet-gateway/igw-0f1ee73b1e2aa044c",
            "id": "igw-0f1ee73b1e2aa044c",
            "owner_id": "803077056902",
            "tags": {
              "Name": "ssmk_igw"
            },
            "tags_all": {
              "Name": "ssmk_igw"
            },
            "timeouts": null,
            "vpc_id": "vpc-08d7484705ba689e2"
          },
          "sensitive_attributes": [],
          "private": "eyJlMmJmYjczMC1lY2FhLTExZTYtOGY4OC0zNDM2M2JjN2M0YzAiOnsiY3JlYXRlIjoxMjAwMDAwMDAwMDAwLCJkZWxldGUiOjEyMDAwMDAwMDAwMDAsInVwZGF0ZSI6MTIwMDAwMDAwMDAwMH19",
          "dependencies": [
            "aws_vpc.ssmk_vpc"
          ]
        }
      ]
    },
    {
      "mode": "managed",
      "type": "aws_key_pair",
      "name": "ssmk_pubkey",
      "provider": "provider[\"registry.terraform.io/hashicorp/aws\"]",
      "instances": [
        {
          "schema_version": 1,
          "attributes": {
            "arn": "arn:aws:ec2:eu-west-2:803077056902:key-pair/ssmk_pub_key",
            "fingerprint": "ff:64:bc:66:ed:93:b7:7e:f5:dd:81:55:5e:d0:61:af",
            "id": "ssmk_pub_key",
            "key_name": "ssmk_pub_key",
            "key_name_prefix": "",
            "key_pair_id": "key-0b04376a6ca556e0f",
            "key_type": "rsa",
            "public_key": "ssh-rsa AAAAB3NzaC1yc2EAAAADAQABAAACAQCwthaPTIkWORzpZUNfrSmlECv8NtuWjz2MjGvUtguYamVO4dWdxrzwXTuhhMEUA64jOzZjIm1gT0LJIbzBfb4XGcivJzbxJLLr2Erv1q7N0WnB+ZppQhNh1KmkiywBuuG98AkD+0IRARTDnWrBbb9gp3pjndO5P70sNwugwqCcFjG1XcDUzoD8uCUEsZC6XTGksDFoYne9LRjqb2AYy/Kldy84JtihRHZUQQxyycwVCL+qZfsKo+AupfuLtCFQgGLHTlLZte3+8GwF5y6FIWtXPyWRpuVpaFsG3LArPEj1l7vZpt7BTSFp8qIrrpXxGLF/MzRs05vqm2b0os2GlXekQUj6U/GI0nRmdFnPnOTkRbUxf8RwrLj9tXER+01nyFtWH9feov7Bq5U0BKAoDmaGmw7Hs8+ApcIXVhsDOcWK/ktapgwsowzwU743ToAH1BmJuCpFPX6sD3cebeTReuaaVAhZugncS672ynlywkVZm3UhU+xEIUuZ25raYWCIkXYbpPm7aJP77StLg7aNjYeNZrSKi9P5ODj0wzLqtTC0CF794rCpb+WlIPT9ZDNyb2LAQug2wD8gYZPZLTlWek4JnuHwNzUHgK3RpAhHFXKsFmfvpKMAP6Pber2/vSAy8FDBHQLJiZYK2RB7CVcGgT8eimwij0zMM/a4SRWTYXJaQQ==",
            "tags": null,
            "tags_all": {}
          },
          "sensitive_attributes": [],
          "private": "eyJzY2hlbWFfdmVyc2lvbiI6IjEifQ==",
          "dependencies": [
            "tls_private_key.ssmk_key"
          ]
        }
      ]
    },
    {
      "mode": "managed",
      "type": "aws_nat_gateway",
      "name": "ssmk_ngw",
      "provider": "provider[\"registry.terraform.io/hashicorp/aws\"]",
      "instances": [
        {
          "schema_version": 0,
          "attributes": {
            "allocation_id": "eipalloc-005f83f719d2cefd7",
            "connectivity_type": "public",
            "id": "nat-05df23a5e0c526af3",
            "network_interface_id": "eni-03e243a5a40c770be",
            "private_ip": "10.0.0.149",
            "public_ip": "18.170.240.130",
            "subnet_id": "subnet-010c71a03074dc2f3",
            "tags": {
              "Name": "ssmk_ngw"
            },
            "tags_all": {
              "Name": "ssmk_ngw"
            }
          },
          "sensitive_attributes": [],
          "private": "bnVsbA==",
          "dependencies": [
            "aws_eip.ssmk_nat_eip",
            "aws_internet_gateway.ssmk_igw",
            "aws_subnet.ssmk_pub_sn1",
            "aws_vpc.ssmk_vpc"
          ]
        }
      ]
    },
    {
      "mode": "managed",
      "type": "aws_route_table",
      "name": "ssmk_rt",
      "provider": "provider[\"registry.terraform.io/hashicorp/aws\"]",
      "instances": [
        {
          "schema_version": 0,
          "attributes": {
            "arn": "arn:aws:ec2:eu-west-2:803077056902:route-table/rtb-08986d17c50ebb657",
            "id": "rtb-08986d17c50ebb657",
            "owner_id": "803077056902",
            "propagating_vgws": [],
            "route": [
              {
                "carrier_gateway_id": "",
                "cidr_block": "0.0.0.0/0",
                "core_network_arn": "",
                "destination_prefix_list_id": "",
                "egress_only_gateway_id": "",
                "gateway_id": "igw-0f1ee73b1e2aa044c",
                "instance_id": "",
                "ipv6_cidr_block": "",
                "local_gateway_id": "",
                "nat_gateway_id": "",
                "network_interface_id": "",
                "transit_gateway_id": "",
                "vpc_endpoint_id": "",
                "vpc_peering_connection_id": ""
              }
            ],
            "tags": null,
            "tags_all": {},
            "timeouts": null,
            "vpc_id": "vpc-08d7484705ba689e2"
          },
          "sensitive_attributes": [],
          "private": "eyJlMmJmYjczMC1lY2FhLTExZTYtOGY4OC0zNDM2M2JjN2M0YzAiOnsiY3JlYXRlIjozMDAwMDAwMDAwMDAsImRlbGV0ZSI6MzAwMDAwMDAwMDAwLCJ1cGRhdGUiOjEyMDAwMDAwMDAwMH19",
          "dependencies": [
            "aws_internet_gateway.ssmk_igw",
            "aws_vpc.ssmk_vpc"
          ]
        }
      ]
    },
    {
      "mode": "managed",
      "type": "aws_route_table_association",
      "name": "ssmk_rt_ass_pub_sn1",
      "provider": "provider[\"registry.terraform.io/hashicorp/aws\"]",
      "instances": [
        {
          "schema_version": 0,
          "attributes": {
            "gateway_id": "",
            "id": "rtbassoc-06a4965c916641baa",
            "route_table_id": "rtb-08986d17c50ebb657",
            "subnet_id": "subnet-010c71a03074dc2f3"
          },
          "sensitive_attributes": [],
          "private": "bnVsbA==",
          "dependencies": [
            "aws_internet_gateway.ssmk_igw",
            "aws_route_table.ssmk_rt",
            "aws_subnet.ssmk_pub_sn1",
            "aws_vpc.ssmk_vpc"
          ]
        }
      ]
    },
    {
      "mode": "managed",
      "type": "aws_route_table_association",
      "name": "ssmk_rt_ass_pub_sn2",
      "provider": "provider[\"registry.terraform.io/hashicorp/aws\"]",
      "instances": [
        {
          "schema_version": 0,
          "attributes": {
            "gateway_id": "",
            "id": "rtbassoc-066902b3262dd8c0a",
            "route_table_id": "rtb-08986d17c50ebb657",
            "subnet_id": "subnet-0c14f65fb1dbf3140"
          },
          "sensitive_attributes": [],
          "private": "bnVsbA==",
          "dependencies": [
            "aws_internet_gateway.ssmk_igw",
            "aws_route_table.ssmk_rt",
            "aws_subnet.ssmk_pub_sn2",
            "aws_vpc.ssmk_vpc"
          ]
        }
      ]
    },
    {
      "mode": "managed",
      "type": "aws_security_group",
      "name": "ssmk_sg_bastion",
      "provider": "provider[\"registry.terraform.io/hashicorp/aws\"]",
      "instances": [
        {
          "schema_version": 1,
          "attributes": {
            "arn": "arn:aws:ec2:eu-west-2:803077056902:security-group/sg-0911f23436bc52428",
            "description": "Allow traffic for ssh",
            "egress": [
              {
                "cidr_blocks": [
                  "0.0.0.0/0"
                ],
                "description": "",
                "from_port": 0,
                "ipv6_cidr_blocks": [],
                "prefix_list_ids": [],
                "protocol": "-1",
                "security_groups": [],
                "self": false,
                "to_port": 0
              }
            ],
            "id": "sg-0911f23436bc52428",
            "ingress": [
              {
                "cidr_blocks": [
                  "0.0.0.0/0"
                ],
                "description": "Allow ssh traffic",
                "from_port": 0,
                "ipv6_cidr_blocks": [],
                "prefix_list_ids": [],
                "protocol": "tcp",
                "security_groups": [],
                "self": false,
                "to_port": 0
              }
            ],
            "name": "ssmk_sg_bastion",
            "name_prefix": "",
            "owner_id": "803077056902",
            "revoke_rules_on_delete": false,
            "tags": {
              "Name": "ssmk_sg_bastion"
            },
            "tags_all": {
              "Name": "ssmk_sg_bastion"
            },
            "timeouts": null,
            "vpc_id": "vpc-08d7484705ba689e2"
          },
          "sensitive_attributes": [],
          "private": "eyJlMmJmYjczMC1lY2FhLTExZTYtOGY4OC0zNDM2M2JjN2M0YzAiOnsiY3JlYXRlIjo2MDAwMDAwMDAwMDAsImRlbGV0ZSI6OTAwMDAwMDAwMDAwfSwic2NoZW1hX3ZlcnNpb24iOiIxIn0=",
          "dependencies": [
            "aws_vpc.ssmk_vpc"
          ]
        }
      ]
    },
    {
      "mode": "managed",
      "type": "aws_security_group",
      "name": "ssmk_sg_master_node",
      "provider": "provider[\"registry.terraform.io/hashicorp/aws\"]",
      "instances": [
        {
          "schema_version": 1,
          "attributes": {
            "arn": "arn:aws:ec2:eu-west-2:803077056902:security-group/sg-06239677972c90bf6",
            "description": "Allow outbound traffic",
            "egress": [
              {
                "cidr_blocks": [
                  "0.0.0.0/0"
                ],
                "description": "HTTP",
                "from_port": 0,
                "ipv6_cidr_blocks": [],
                "prefix_list_ids": [],
                "protocol": "-1",
                "security_groups": [],
                "self": false,
                "to_port": 0
              }
            ],
            "id": "sg-06239677972c90bf6",
            "ingress": [
              {
                "cidr_blocks": [
                  "0.0.0.0/0"
                ],
                "description": "SSH",
                "from_port": 0,
                "ipv6_cidr_blocks": [],
                "prefix_list_ids": [],
                "protocol": "-1",
                "security_groups": [],
                "self": false,
                "to_port": 0
              }
            ],
            "name": "ssmk_sg_master_node",
            "name_prefix": "",
            "owner_id": "803077056902",
            "revoke_rules_on_delete": false,
            "tags": {
              "Name": "ssmk_sg_master_node"
            },
            "tags_all": {
              "Name": "ssmk_sg_master_node"
            },
            "timeouts": null,
            "vpc_id": "vpc-08d7484705ba689e2"
          },
          "sensitive_attributes": [],
          "private": "eyJlMmJmYjczMC1lY2FhLTExZTYtOGY4OC0zNDM2M2JjN2M0YzAiOnsiY3JlYXRlIjo2MDAwMDAwMDAwMDAsImRlbGV0ZSI6OTAwMDAwMDAwMDAwfSwic2NoZW1hX3ZlcnNpb24iOiIxIn0=",
          "dependencies": [
            "aws_vpc.ssmk_vpc"
          ]
        }
      ]
    },
    {
      "mode": "managed",
      "type": "aws_subnet",
      "name": "ssmk_prv_sn1",
      "provider": "provider[\"registry.terraform.io/hashicorp/aws\"]",
      "instances": [
        {
          "schema_version": 1,
          "attributes": {
            "arn": "arn:aws:ec2:eu-west-2:803077056902:subnet/subnet-018d8ebba44e1eec2",
            "assign_ipv6_address_on_creation": false,
            "availability_zone": "eu-west-2a",
            "availability_zone_id": "euw2-az2",
            "cidr_block": "10.0.2.0/24",
            "customer_owned_ipv4_pool": "",
            "enable_dns64": false,
            "enable_resource_name_dns_a_record_on_launch": false,
            "enable_resource_name_dns_aaaa_record_on_launch": false,
            "id": "subnet-018d8ebba44e1eec2",
            "ipv6_cidr_block": "",
            "ipv6_cidr_block_association_id": "",
            "ipv6_native": false,
            "map_customer_owned_ip_on_launch": false,
            "map_public_ip_on_launch": false,
            "outpost_arn": "",
            "owner_id": "803077056902",
            "private_dns_hostname_type_on_launch": "ip-name",
            "tags": {
              "Name": "ssmk_prv_sn1"
            },
            "tags_all": {
              "Name": "ssmk_prv_sn1"
            },
            "timeouts": null,
            "vpc_id": "vpc-08d7484705ba689e2"
          },
          "sensitive_attributes": [],
          "private": "eyJlMmJmYjczMC1lY2FhLTExZTYtOGY4OC0zNDM2M2JjN2M0YzAiOnsiY3JlYXRlIjo2MDAwMDAwMDAwMDAsImRlbGV0ZSI6MTIwMDAwMDAwMDAwMH0sInNjaGVtYV92ZXJzaW9uIjoiMSJ9",
          "dependencies": [
            "aws_vpc.ssmk_vpc"
          ]
        }
      ]
    },
    {
      "mode": "managed",
      "type": "aws_subnet",
      "name": "ssmk_prv_sn2",
      "provider": "provider[\"registry.terraform.io/hashicorp/aws\"]",
      "instances": [
        {
          "schema_version": 1,
          "attributes": {
            "arn": "arn:aws:ec2:eu-west-2:803077056902:subnet/subnet-06e10e0aba83b3fde",
            "assign_ipv6_address_on_creation": false,
            "availability_zone": "eu-west-2b",
            "availability_zone_id": "euw2-az3",
            "cidr_block": "10.0.3.0/24",
            "customer_owned_ipv4_pool": "",
            "enable_dns64": false,
            "enable_resource_name_dns_a_record_on_launch": false,
            "enable_resource_name_dns_aaaa_record_on_launch": false,
            "id": "subnet-06e10e0aba83b3fde",
            "ipv6_cidr_block": "",
            "ipv6_cidr_block_association_id": "",
            "ipv6_native": false,
            "map_customer_owned_ip_on_launch": false,
            "map_public_ip_on_launch": false,
            "outpost_arn": "",
            "owner_id": "803077056902",
            "private_dns_hostname_type_on_launch": "ip-name",
            "tags": {
              "Name": "ssmk_prv_sn2"
            },
            "tags_all": {
              "Name": "ssmk_prv_sn2"
            },
            "timeouts": null,
            "vpc_id": "vpc-08d7484705ba689e2"
          },
          "sensitive_attributes": [],
          "private": "eyJlMmJmYjczMC1lY2FhLTExZTYtOGY4OC0zNDM2M2JjN2M0YzAiOnsiY3JlYXRlIjo2MDAwMDAwMDAwMDAsImRlbGV0ZSI6MTIwMDAwMDAwMDAwMH0sInNjaGVtYV92ZXJzaW9uIjoiMSJ9",
          "dependencies": [
            "aws_vpc.ssmk_vpc"
          ]
        }
      ]
    },
    {
      "mode": "managed",
      "type": "aws_subnet",
      "name": "ssmk_prv_sn3",
      "provider": "provider[\"registry.terraform.io/hashicorp/aws\"]",
      "instances": [
        {
          "schema_version": 1,
          "attributes": {
            "arn": "arn:aws:ec2:eu-west-2:803077056902:subnet/subnet-06cbf7caed3520760",
            "assign_ipv6_address_on_creation": false,
            "availability_zone": "eu-west-2c",
            "availability_zone_id": "euw2-az1",
            "cidr_block": "10.0.4.0/24",
            "customer_owned_ipv4_pool": "",
            "enable_dns64": false,
            "enable_resource_name_dns_a_record_on_launch": false,
            "enable_resource_name_dns_aaaa_record_on_launch": false,
            "id": "subnet-06cbf7caed3520760",
            "ipv6_cidr_block": "",
            "ipv6_cidr_block_association_id": "",
            "ipv6_native": false,
            "map_customer_owned_ip_on_launch": false,
            "map_public_ip_on_launch": false,
            "outpost_arn": "",
            "owner_id": "803077056902",
            "private_dns_hostname_type_on_launch": "ip-name",
            "tags": {
              "Name": "ssmk_prv_sn3"
            },
            "tags_all": {
              "Name": "ssmk_prv_sn3"
            },
            "timeouts": null,
            "vpc_id": "vpc-08d7484705ba689e2"
          },
          "sensitive_attributes": [],
          "private": "eyJlMmJmYjczMC1lY2FhLTExZTYtOGY4OC0zNDM2M2JjN2M0YzAiOnsiY3JlYXRlIjo2MDAwMDAwMDAwMDAsImRlbGV0ZSI6MTIwMDAwMDAwMDAwMH0sInNjaGVtYV92ZXJzaW9uIjoiMSJ9",
          "dependencies": [
            "aws_vpc.ssmk_vpc"
          ]
        }
      ]
    },
    {
      "mode": "managed",
      "type": "aws_subnet",
      "name": "ssmk_pub_sn1",
      "provider": "provider[\"registry.terraform.io/hashicorp/aws\"]",
      "instances": [
        {
          "schema_version": 1,
          "attributes": {
            "arn": "arn:aws:ec2:eu-west-2:803077056902:subnet/subnet-010c71a03074dc2f3",
            "assign_ipv6_address_on_creation": false,
            "availability_zone": "eu-west-2a",
            "availability_zone_id": "euw2-az2",
            "cidr_block": "10.0.0.0/24",
            "customer_owned_ipv4_pool": "",
            "enable_dns64": false,
            "enable_resource_name_dns_a_record_on_launch": false,
            "enable_resource_name_dns_aaaa_record_on_launch": false,
            "id": "subnet-010c71a03074dc2f3",
            "ipv6_cidr_block": "",
            "ipv6_cidr_block_association_id": "",
            "ipv6_native": false,
            "map_customer_owned_ip_on_launch": false,
            "map_public_ip_on_launch": false,
            "outpost_arn": "",
            "owner_id": "803077056902",
            "private_dns_hostname_type_on_launch": "ip-name",
            "tags": {
              "Name": "ssmk_pub_sn1"
            },
            "tags_all": {
              "Name": "ssmk_pub_sn1"
            },
            "timeouts": null,
            "vpc_id": "vpc-08d7484705ba689e2"
          },
          "sensitive_attributes": [],
          "private": "eyJlMmJmYjczMC1lY2FhLTExZTYtOGY4OC0zNDM2M2JjN2M0YzAiOnsiY3JlYXRlIjo2MDAwMDAwMDAwMDAsImRlbGV0ZSI6MTIwMDAwMDAwMDAwMH0sInNjaGVtYV92ZXJzaW9uIjoiMSJ9",
          "dependencies": [
            "aws_vpc.ssmk_vpc"
          ]
        }
      ]
    },
    {
      "mode": "managed",
      "type": "aws_subnet",
      "name": "ssmk_pub_sn2",
      "provider": "provider[\"registry.terraform.io/hashicorp/aws\"]",
      "instances": [
        {
          "schema_version": 1,
          "attributes": {
            "arn": "arn:aws:ec2:eu-west-2:803077056902:subnet/subnet-0c14f65fb1dbf3140",
            "assign_ipv6_address_on_creation": false,
            "availability_zone": "eu-west-2b",
            "availability_zone_id": "euw2-az3",
            "cidr_block": "10.0.1.0/24",
            "customer_owned_ipv4_pool": "",
            "enable_dns64": false,
            "enable_resource_name_dns_a_record_on_launch": false,
            "enable_resource_name_dns_aaaa_record_on_launch": false,
            "id": "subnet-0c14f65fb1dbf3140",
            "ipv6_cidr_block": "",
            "ipv6_cidr_block_association_id": "",
            "ipv6_native": false,
            "map_customer_owned_ip_on_launch": false,
            "map_public_ip_on_launch": false,
            "outpost_arn": "",
            "owner_id": "803077056902",
            "private_dns_hostname_type_on_launch": "ip-name",
            "tags": {
              "Name": "ssmk_pub_sn2"
            },
            "tags_all": {
              "Name": "ssmk_pub_sn2"
            },
            "timeouts": null,
            "vpc_id": "vpc-08d7484705ba689e2"
          },
          "sensitive_attributes": [],
          "private": "eyJlMmJmYjczMC1lY2FhLTExZTYtOGY4OC0zNDM2M2JjN2M0YzAiOnsiY3JlYXRlIjo2MDAwMDAwMDAwMDAsImRlbGV0ZSI6MTIwMDAwMDAwMDAwMH0sInNjaGVtYV92ZXJzaW9uIjoiMSJ9",
          "dependencies": [
            "aws_vpc.ssmk_vpc"
          ]
        }
      ]
    },
    {
      "mode": "managed",
      "type": "aws_vpc",
      "name": "ssmk_vpc",
      "provider": "provider[\"registry.terraform.io/hashicorp/aws\"]",
      "instances": [
        {
          "schema_version": 1,
          "attributes": {
            "arn": "arn:aws:ec2:eu-west-2:803077056902:vpc/vpc-08d7484705ba689e2",
            "assign_generated_ipv6_cidr_block": false,
            "cidr_block": "10.0.0.0/16",
            "default_network_acl_id": "acl-064b4fa7204c1b8b6",
            "default_route_table_id": "rtb-0a5db3ad5b5fbd57b",
            "default_security_group_id": "sg-0374ebdaf53fc7c5d",
            "dhcp_options_id": "dopt-0eceeeb0168d700fc",
            "enable_classiclink": false,
            "enable_classiclink_dns_support": false,
            "enable_dns_hostnames": false,
            "enable_dns_support": true,
            "enable_network_address_usage_metrics": false,
            "id": "vpc-08d7484705ba689e2",
            "instance_tenancy": "default",
            "ipv4_ipam_pool_id": null,
            "ipv4_netmask_length": null,
            "ipv6_association_id": "",
            "ipv6_cidr_block": "",
            "ipv6_cidr_block_network_border_group": "",
            "ipv6_ipam_pool_id": "",
            "ipv6_netmask_length": 0,
            "main_route_table_id": "rtb-0a5db3ad5b5fbd57b",
            "owner_id": "803077056902",
            "tags": {
              "Name": "ssmk_vpc"
            },
            "tags_all": {
              "Name": "ssmk_vpc"
            }
          },
          "sensitive_attributes": [],
          "private": "eyJzY2hlbWFfdmVyc2lvbiI6IjEifQ=="
        }
      ]
    },
    {
      "mode": "managed",
      "type": "local_file",
      "name": "ssmk_prv",
      "provider": "provider[\"registry.terraform.io/hashicorp/local\"]",
      "instances": [
        {
          "schema_version": 0,
          "attributes": {
            "content": "-----BEGIN RSA PRIVATE KEY-----\nMIIJKAIBAAKCAgEAsLYWj0yJFjkc6WVDX60ppRAr/Dbblo89jIxr1LYLmGplTuHV\nnca88F07oYTBFAOuIzs2YyJtYE9CySG8wX2+FxnIryc28SSy69hK79auzdFpwfma\naUITYdSppIssAbrhvfAJA/tCEQEUw51qwW2/YKd6Y53TuT+9LDcLoMKgnBYxtV3A\n1M6A/LglBLGQul0xpLAxaGJ3vS0Y6m9gGMvypXcvOCbYoUR2VEEMcsnMFQi/qmX7\nCqPgLqX7i7QhUIBix05S2bXt/vBsBecuhSFrVz8lkablaWhbBtywKzxI9Ze72abe\nwU0hafKiK66V8RixfzM0bNOb6ptm9KLNhpV3pEFI+lPxiNJ0ZnRZz5zk5EW1MX/E\ncKy4/bVxEftNZ8hbVh/X3qL+wauVNASgKA5mhpsOx7PPgKXCF1YbAznFiv5LWqYM\nLKMM8FO+N06AB9QZibgqRT1+rA93Hm3k0XrmmlQIWboJ3Euu9sp5csJFWZt1IVPs\nRCFLmdua2mFgiJF2G6T5u2iT++0rS4O2jY2HjWa0iovT+Tg49MMy6rUwtAhe/eKw\nqW/lpSD0/WQzcm9iwELoNsA/IGGT2S05VnpOCZ7h8Dc1B4Ct0aQIRxVyrBZn76Sj\nAD+j23q9v70gMvBQwR0CyYmWCtkQewlXBoE/HopsIo9MzDP2uEkVk2FyWkECAwEA\nAQKCAgA0/dXUESqG7IecAg7rMR1s72WRU84T306gyDdJ6XGeukE5H4YUs1VTa1IH\nhKz12Iiu7gHIRrmwCPTJJgHZsGCBwuyogcT7GXtCOHF4bNOsyuDBF53TdMolK0XY\nHxgKSMWLVOEPPZi5Sq60Xo92A/hA/tg36UtloRSUnskw40yQoiMz9TJvXqHVp08K\nkkkJagsKDQA0AltP8qcnHlEd/oL8VbpmR1ftPH+TkpIuFg/KOv5nFf/rV+tRcdr2\nMQVQg7+bbwRvXxxIuEZcmtAbgkMTPc+BVyAytOWfMCzwOjrS0za09VKVexDLGcTB\n/q/eRf5sW6mb/PUjrIh6Uhv6APaIXnJ8Eu2Tv4hSWvfXgTts439bvRI6OSqRDmnk\nQTk+98aJ88W5t4Bv5P2ZyM+0ZyNKCD/pBSvEZMjNKPKQZrPpwfJdz4tKiZjzkHcx\nHTs8+nkYYH9DqWHBIHMszjVopFMHlhSU2CJlAzSx8S0oKZ9Gi6bM8Xd9vua3KcrQ\n1c/xwxBKF9yK3AO29x2zCSlqJg05gPUC3xN7CC7iaDjwR+MJBaSaciYK6oymGJKG\nY/I2l53pplkMsiBEpe/ENHQ7RhwDmyHJ/EvZvFH7KFpEg1+OV8C+P6ECQ57RdvyL\n2pSuCWXq0+sWxUCWRfvI8Qz95gBsdHfvSrEzGoHArCLCnXMyJQKCAQEA4giD6LxZ\nNLQKsHo9d64OXWesMDndV2K/AKrpPb7m9i+4jujn2H4sO9QfLfuGjTo02hPINPW7\nRGgYJwxhJl4IZCvqDNFIQxGMIjToNBW9wurCXwyRoN2vHtQdo/MxnLbWJN/LvFHd\nzqeB7GAV3qXb7GeAPWisQtazMygWMBd5pbQ/gohyOAWapI06MV92ynmYq+BVjX9s\nOBwYA8rzbiKpEA+k8v2y2ZXIUMfRtXxYLBEDkNScvbp5EZNPWcmavitiYjzEQ2UY\nnj82wBGfbzuReOtqN1AUZP2y/C9ofoq0kXB6Ixl4oNFSBmG+DUOhNTkPRgDrq+Ab\ncqCExmsILtu+4wKCAQEAyCOaatJPUfBtBVOPrrezQl/YYovz0yhj+Uqf90gHsSE8\nwLrkieQs5bYTzdTFrgnnBlg8ELtLvH3vr6dHwAH+FyG4+ODu923PRlrnH8b+HcPP\npqbFq6R1mOBq12+dKXfXIrdmFUeXP+A4Y7fv3UljC+yTFN36VyZJytL+inOD/Ele\nCndmEvd2BfRqQIBxQrECGuo/zc3ISUE8eXBfyZWUX1ZksGLnktBKXzuhRmvU0tVL\n1b7kmCyjyvZPpiBX6Yb4X7trJ0e08U+6KVxJFc7fpHecQbxNlHoXEW/jWbkjRAe0\nOjjKr1UHuiC3ehBp1IGDne2sRUGnu2YT29LSySiHiwKCAQAhL4reYrjeKgjfvDLG\nHYHyaMQ5GGXM7KyKVo2ECUEzp/H62Wsgt/WamxwwzhsFJSSZWAou7F0gQAA7y2+A\nCJJG0sO8OgXYAv2GECp/aym/MmRzPA8thR6u8gmgBpakIZvzMgBhl8tvCdzjbYAI\nfmV5ogCMA5A3B/qrahlH2kp776jba1kJrJj1y95dXVy9gXjO01L8QVcMLePAus1e\nwCv+Na3MFz9o/rq4UX4SnTz8y0qwuuaAXJ5l3DDsR9M2VHxPXAictH0WzsUlEfFM\njXxgOoAPuuwjn7PlnrhCy+6S4+aqvJSfV9wpH7Sdke5bOBNr/bqcM30UKUkVMKW0\n64JtAoIBAQCMNSUAoMUgyiYWDSwjYl4aqbqVjyYJT8p54mWefr+kv3woKMXiNA+f\n/aZyFBVIj3dhYn7x2cR9EFzR2YbSZJL08ZL8B9hhTnRe/V/dSzLK91qJjVv9mwEn\nUFCJDJA1dNcqYwEI91ZmUVYvxbQsejUBLYL8o2W1mAUqKhZYOATGwT84Zd0EfIga\nM9gbx9+QsSCgamq4auldKG6NRMRWHIwNHiD70M4adAEmJkgdZX17FiJCY7ERSnSU\nw2mZIB92Yi+uIUY4BmwkgY4RW613sa3LMmAtTRWsZruyY4gKW0Dxb9Q61X5oxlDb\nfAANa2I4lWL3SIHfIte22RQgc9lnQxVxAoIBAFrHRaND+zFWjEewW+sEJmdzivkG\nPtYy0NyK6/u84Vz86b6VeEeNwe47RyHXT3guw/TPDBQncMY74WWjI3XAQIp8mphs\n96jNXphMmX17ov2shV5yokNX0fStPyNJtOH77b0nUAnBudAVfyFLZ0887A2MyRWR\nc8Nnee8i0F0C7Kc28kEbBC4JwkBTgQd8gA+mGxIYKRunD4ZP82kGkI9a7osL9ueq\nOV6TIVb6N0s2kqHL83K/ae/zlJL/a+LeoppQWeDXBhydm+H/W3av9ZuHdE+G4k0M\nUsvvbXqYy7r/kkGqLwnyrVPOkAFNMshCAApoiSOhR+hLWEpCJU7yUAR0GK4=\n-----END RSA PRIVATE KEY-----\n",
            "content_base64": null,
            "directory_permission": "0777",
            "file_permission": "0777",
            "filename": "ssmk_key",
            "id": "dc33ce11c83374cd60fbb3562116404e2e7d96d1",
            "sensitive_content": null,
            "source": null
          },
          "sensitive_attributes": [
            [
              {
                "type": "get_attr",
                "value": "content"
              }
            ]
          ],
          "private": "bnVsbA==",
          "dependencies": [
            "tls_private_key.ssmk_key"
          ]
        }
      ]
    },
    {
      "mode": "managed",
      "type": "tls_private_key",
      "name": "ssmk_key",
      "provider": "provider[\"registry.terraform.io/hashicorp/tls\"]",
      "instances": [
        {
          "schema_version": 1,
          "attributes": {
            "algorithm": "RSA",
            "ecdsa_curve": "P224",
            "id": "d3ec31c78ca17341d6885ba9f2558e1497cf7258",
            "private_key_openssh": "-----BEGIN OPENSSH PRIVATE KEY-----\nb3BlbnNzaC1rZXktdjEAAAAABG5vbmUAAAAEbm9uZQAAAAAAAAABAAACFwAAAAdz\nc2gtcnNhAAAAAwEAAQAAAgEAsLYWj0yJFjkc6WVDX60ppRAr/Dbblo89jIxr1LYL\nmGplTuHVnca88F07oYTBFAOuIzs2YyJtYE9CySG8wX2+FxnIryc28SSy69hK79au\nzdFpwfmaaUITYdSppIssAbrhvfAJA/tCEQEUw51qwW2/YKd6Y53TuT+9LDcLoMKg\nnBYxtV3A1M6A/LglBLGQul0xpLAxaGJ3vS0Y6m9gGMvypXcvOCbYoUR2VEEMcsnM\nFQi/qmX7CqPgLqX7i7QhUIBix05S2bXt/vBsBecuhSFrVz8lkablaWhbBtywKzxI\n9Ze72abewU0hafKiK66V8RixfzM0bNOb6ptm9KLNhpV3pEFI+lPxiNJ0ZnRZz5zk\n5EW1MX/EcKy4/bVxEftNZ8hbVh/X3qL+wauVNASgKA5mhpsOx7PPgKXCF1YbAznF\niv5LWqYMLKMM8FO+N06AB9QZibgqRT1+rA93Hm3k0XrmmlQIWboJ3Euu9sp5csJF\nWZt1IVPsRCFLmdua2mFgiJF2G6T5u2iT++0rS4O2jY2HjWa0iovT+Tg49MMy6rUw\ntAhe/eKwqW/lpSD0/WQzcm9iwELoNsA/IGGT2S05VnpOCZ7h8Dc1B4Ct0aQIRxVy\nrBZn76SjAD+j23q9v70gMvBQwR0CyYmWCtkQewlXBoE/HopsIo9MzDP2uEkVk2Fy\nWkEAAAc4HICu4xyAruMAAAAHc3NoLXJzYQAAAgEAsLYWj0yJFjkc6WVDX60ppRAr\n/Dbblo89jIxr1LYLmGplTuHVnca88F07oYTBFAOuIzs2YyJtYE9CySG8wX2+FxnI\nryc28SSy69hK79auzdFpwfmaaUITYdSppIssAbrhvfAJA/tCEQEUw51qwW2/YKd6\nY53TuT+9LDcLoMKgnBYxtV3A1M6A/LglBLGQul0xpLAxaGJ3vS0Y6m9gGMvypXcv\nOCbYoUR2VEEMcsnMFQi/qmX7CqPgLqX7i7QhUIBix05S2bXt/vBsBecuhSFrVz8l\nkablaWhbBtywKzxI9Ze72abewU0hafKiK66V8RixfzM0bNOb6ptm9KLNhpV3pEFI\n+lPxiNJ0ZnRZz5zk5EW1MX/EcKy4/bVxEftNZ8hbVh/X3qL+wauVNASgKA5mhpsO\nx7PPgKXCF1YbAznFiv5LWqYMLKMM8FO+N06AB9QZibgqRT1+rA93Hm3k0XrmmlQI\nWboJ3Euu9sp5csJFWZt1IVPsRCFLmdua2mFgiJF2G6T5u2iT++0rS4O2jY2HjWa0\niovT+Tg49MMy6rUwtAhe/eKwqW/lpSD0/WQzcm9iwELoNsA/IGGT2S05VnpOCZ7h\n8Dc1B4Ct0aQIRxVyrBZn76SjAD+j23q9v70gMvBQwR0CyYmWCtkQewlXBoE/Hops\nIo9MzDP2uEkVk2FyWkEAAAADAQABAAACADT91dQRKobsh5wCDusxHWzvZZFTzhPf\nTqDIN0npcZ66QTkfhhSzVVNrUgeErPXYiK7uAchGubAI9MkmAdmwYIHC7KiBxPsZ\ne0I4cXhs06zK4MEXndN0yiUrRdgfGApIxYtU4Q89mLlKrrRej3YD+ED+2DfpS2Wh\nFJSeyTDjTJCiIzP1Mm9eodWnTwqSSQlqCwoNADQCW0/ypyceUR3+gvxVumZHV+08\nf5OSki4WD8o6/mcV/+tX61Fx2vYxBVCDv5tvBG9fHEi4Rlya0BuCQxM9z4FXIDK0\n5Z8wLPA6OtLTNrT1UpV7EMsZxMH+r95F/mxbqZv89SOsiHpSG/oA9ohecnwS7ZO/\niFJa99eBO2zjf1u9Ejo5KpEOaeRBOT73xonzxbm3gG/k/ZnIz7RnI0oIP+kFK8Rk\nyM0o8pBms+nB8l3Pi0qJmPOQdzEdOzz6eRhgf0OpYcEgcyzONWikUweWFJTYImUD\nNLHxLSgpn0aLpszxd32+5rcpytDVz/HDEEoX3IrcA7b3HbMJKWomDTmA9QLfE3sI\nLuJoOPBH4wkFpJpyJgrqjKYYkoZj8jaXnemmWQyyIESl78Q0dDtGHAObIcn8S9m8\nUfsoWkSDX45XwL4/oQJDntF2/IvalK4JZerT6xbFQJZF+8jxDP3mAGx0d+9KsTMa\ngcCsIsKdczIlAAABAFrHRaND+zFWjEewW+sEJmdzivkGPtYy0NyK6/u84Vz86b6V\neEeNwe47RyHXT3guw/TPDBQncMY74WWjI3XAQIp8mphs96jNXphMmX17ov2shV5y\nokNX0fStPyNJtOH77b0nUAnBudAVfyFLZ0887A2MyRWRc8Nnee8i0F0C7Kc28kEb\nBC4JwkBTgQd8gA+mGxIYKRunD4ZP82kGkI9a7osL9ueqOV6TIVb6N0s2kqHL83K/\nae/zlJL/a+LeoppQWeDXBhydm+H/W3av9ZuHdE+G4k0MUsvvbXqYy7r/kkGqLwny\nrVPOkAFNMshCAApoiSOhR+hLWEpCJU7yUAR0GK4AAAEBAOIIg+i8WTS0CrB6PXeu\nDl1nrDA53VdivwCq6T2+5vYvuI7o59h+LDvUHy37ho06NNoTyDT1u0RoGCcMYSZe\nCGQr6gzRSEMRjCI06DQVvcLqwl8MkaDdrx7UHaPzMZy21iTfy7xR3c6ngexgFd6l\n2+xngD1orELWszMoFjAXeaW0P4KIcjgFmqSNOjFfdsp5mKvgVY1/bDgcGAPK824i\nqRAPpPL9stmVyFDH0bV8WCwRA5DUnL26eRGTT1nJmr4rYmI8xENlGJ4/NsARn287\nkXjrajdQFGT9svwvaH6KtJFweiMZeKDRUgZhvg1DoTU5D0YA66vgG3KghMZrCC7b\nvuMAAAEBAMgjmmrST1HwbQVTj663s0Jf2GKL89MoY/lKn/dIB7EhPMC65InkLOW2\nE83Uxa4J5wZYPBC7S7x976+nR8AB/hchuPjg7vdtz0Za5x/G/h3Dz6amxaukdZjg\natdvnSl31yK3ZhVHlz/gOGO3791JYwvskxTd+lcmScrS/opzg/xJXgp3ZhL3dgX0\nakCAcUKxAhrqP83NyElBPHlwX8mVlF9WZLBi55LQSl87oUZr1NLVS9W+5Jgso8r2\nT6YgV+mG+F+7aydHtPFPuilcSRXO36R3nEG8TZR6FxFv41m5I0QHtDo4yq9VB7og\nt3oQadSBg53trEVBp7tmE9vS0skoh4sAAAAAAQID\n-----END OPENSSH PRIVATE KEY-----\n",
            "private_key_pem": "-----BEGIN RSA PRIVATE KEY-----\nMIIJKAIBAAKCAgEAsLYWj0yJFjkc6WVDX60ppRAr/Dbblo89jIxr1LYLmGplTuHV\nnca88F07oYTBFAOuIzs2YyJtYE9CySG8wX2+FxnIryc28SSy69hK79auzdFpwfma\naUITYdSppIssAbrhvfAJA/tCEQEUw51qwW2/YKd6Y53TuT+9LDcLoMKgnBYxtV3A\n1M6A/LglBLGQul0xpLAxaGJ3vS0Y6m9gGMvypXcvOCbYoUR2VEEMcsnMFQi/qmX7\nCqPgLqX7i7QhUIBix05S2bXt/vBsBecuhSFrVz8lkablaWhbBtywKzxI9Ze72abe\nwU0hafKiK66V8RixfzM0bNOb6ptm9KLNhpV3pEFI+lPxiNJ0ZnRZz5zk5EW1MX/E\ncKy4/bVxEftNZ8hbVh/X3qL+wauVNASgKA5mhpsOx7PPgKXCF1YbAznFiv5LWqYM\nLKMM8FO+N06AB9QZibgqRT1+rA93Hm3k0XrmmlQIWboJ3Euu9sp5csJFWZt1IVPs\nRCFLmdua2mFgiJF2G6T5u2iT++0rS4O2jY2HjWa0iovT+Tg49MMy6rUwtAhe/eKw\nqW/lpSD0/WQzcm9iwELoNsA/IGGT2S05VnpOCZ7h8Dc1B4Ct0aQIRxVyrBZn76Sj\nAD+j23q9v70gMvBQwR0CyYmWCtkQewlXBoE/HopsIo9MzDP2uEkVk2FyWkECAwEA\nAQKCAgA0/dXUESqG7IecAg7rMR1s72WRU84T306gyDdJ6XGeukE5H4YUs1VTa1IH\nhKz12Iiu7gHIRrmwCPTJJgHZsGCBwuyogcT7GXtCOHF4bNOsyuDBF53TdMolK0XY\nHxgKSMWLVOEPPZi5Sq60Xo92A/hA/tg36UtloRSUnskw40yQoiMz9TJvXqHVp08K\nkkkJagsKDQA0AltP8qcnHlEd/oL8VbpmR1ftPH+TkpIuFg/KOv5nFf/rV+tRcdr2\nMQVQg7+bbwRvXxxIuEZcmtAbgkMTPc+BVyAytOWfMCzwOjrS0za09VKVexDLGcTB\n/q/eRf5sW6mb/PUjrIh6Uhv6APaIXnJ8Eu2Tv4hSWvfXgTts439bvRI6OSqRDmnk\nQTk+98aJ88W5t4Bv5P2ZyM+0ZyNKCD/pBSvEZMjNKPKQZrPpwfJdz4tKiZjzkHcx\nHTs8+nkYYH9DqWHBIHMszjVopFMHlhSU2CJlAzSx8S0oKZ9Gi6bM8Xd9vua3KcrQ\n1c/xwxBKF9yK3AO29x2zCSlqJg05gPUC3xN7CC7iaDjwR+MJBaSaciYK6oymGJKG\nY/I2l53pplkMsiBEpe/ENHQ7RhwDmyHJ/EvZvFH7KFpEg1+OV8C+P6ECQ57RdvyL\n2pSuCWXq0+sWxUCWRfvI8Qz95gBsdHfvSrEzGoHArCLCnXMyJQKCAQEA4giD6LxZ\nNLQKsHo9d64OXWesMDndV2K/AKrpPb7m9i+4jujn2H4sO9QfLfuGjTo02hPINPW7\nRGgYJwxhJl4IZCvqDNFIQxGMIjToNBW9wurCXwyRoN2vHtQdo/MxnLbWJN/LvFHd\nzqeB7GAV3qXb7GeAPWisQtazMygWMBd5pbQ/gohyOAWapI06MV92ynmYq+BVjX9s\nOBwYA8rzbiKpEA+k8v2y2ZXIUMfRtXxYLBEDkNScvbp5EZNPWcmavitiYjzEQ2UY\nnj82wBGfbzuReOtqN1AUZP2y/C9ofoq0kXB6Ixl4oNFSBmG+DUOhNTkPRgDrq+Ab\ncqCExmsILtu+4wKCAQEAyCOaatJPUfBtBVOPrrezQl/YYovz0yhj+Uqf90gHsSE8\nwLrkieQs5bYTzdTFrgnnBlg8ELtLvH3vr6dHwAH+FyG4+ODu923PRlrnH8b+HcPP\npqbFq6R1mOBq12+dKXfXIrdmFUeXP+A4Y7fv3UljC+yTFN36VyZJytL+inOD/Ele\nCndmEvd2BfRqQIBxQrECGuo/zc3ISUE8eXBfyZWUX1ZksGLnktBKXzuhRmvU0tVL\n1b7kmCyjyvZPpiBX6Yb4X7trJ0e08U+6KVxJFc7fpHecQbxNlHoXEW/jWbkjRAe0\nOjjKr1UHuiC3ehBp1IGDne2sRUGnu2YT29LSySiHiwKCAQAhL4reYrjeKgjfvDLG\nHYHyaMQ5GGXM7KyKVo2ECUEzp/H62Wsgt/WamxwwzhsFJSSZWAou7F0gQAA7y2+A\nCJJG0sO8OgXYAv2GECp/aym/MmRzPA8thR6u8gmgBpakIZvzMgBhl8tvCdzjbYAI\nfmV5ogCMA5A3B/qrahlH2kp776jba1kJrJj1y95dXVy9gXjO01L8QVcMLePAus1e\nwCv+Na3MFz9o/rq4UX4SnTz8y0qwuuaAXJ5l3DDsR9M2VHxPXAictH0WzsUlEfFM\njXxgOoAPuuwjn7PlnrhCy+6S4+aqvJSfV9wpH7Sdke5bOBNr/bqcM30UKUkVMKW0\n64JtAoIBAQCMNSUAoMUgyiYWDSwjYl4aqbqVjyYJT8p54mWefr+kv3woKMXiNA+f\n/aZyFBVIj3dhYn7x2cR9EFzR2YbSZJL08ZL8B9hhTnRe/V/dSzLK91qJjVv9mwEn\nUFCJDJA1dNcqYwEI91ZmUVYvxbQsejUBLYL8o2W1mAUqKhZYOATGwT84Zd0EfIga\nM9gbx9+QsSCgamq4auldKG6NRMRWHIwNHiD70M4adAEmJkgdZX17FiJCY7ERSnSU\nw2mZIB92Yi+uIUY4BmwkgY4RW613sa3LMmAtTRWsZruyY4gKW0Dxb9Q61X5oxlDb\nfAANa2I4lWL3SIHfIte22RQgc9lnQxVxAoIBAFrHRaND+zFWjEewW+sEJmdzivkG\nPtYy0NyK6/u84Vz86b6VeEeNwe47RyHXT3guw/TPDBQncMY74WWjI3XAQIp8mphs\n96jNXphMmX17ov2shV5yokNX0fStPyNJtOH77b0nUAnBudAVfyFLZ0887A2MyRWR\nc8Nnee8i0F0C7Kc28kEbBC4JwkBTgQd8gA+mGxIYKRunD4ZP82kGkI9a7osL9ueq\nOV6TIVb6N0s2kqHL83K/ae/zlJL/a+LeoppQWeDXBhydm+H/W3av9ZuHdE+G4k0M\nUsvvbXqYy7r/kkGqLwnyrVPOkAFNMshCAApoiSOhR+hLWEpCJU7yUAR0GK4=\n-----END RSA PRIVATE KEY-----\n",
            "private_key_pem_pkcs8": "-----BEGIN PRIVATE KEY-----\nMIIJQgIBADANBgkqhkiG9w0BAQEFAASCCSwwggkoAgEAAoICAQCwthaPTIkWORzp\nZUNfrSmlECv8NtuWjz2MjGvUtguYamVO4dWdxrzwXTuhhMEUA64jOzZjIm1gT0LJ\nIbzBfb4XGcivJzbxJLLr2Erv1q7N0WnB+ZppQhNh1KmkiywBuuG98AkD+0IRARTD\nnWrBbb9gp3pjndO5P70sNwugwqCcFjG1XcDUzoD8uCUEsZC6XTGksDFoYne9LRjq\nb2AYy/Kldy84JtihRHZUQQxyycwVCL+qZfsKo+AupfuLtCFQgGLHTlLZte3+8GwF\n5y6FIWtXPyWRpuVpaFsG3LArPEj1l7vZpt7BTSFp8qIrrpXxGLF/MzRs05vqm2b0\nos2GlXekQUj6U/GI0nRmdFnPnOTkRbUxf8RwrLj9tXER+01nyFtWH9feov7Bq5U0\nBKAoDmaGmw7Hs8+ApcIXVhsDOcWK/ktapgwsowzwU743ToAH1BmJuCpFPX6sD3ce\nbeTReuaaVAhZugncS672ynlywkVZm3UhU+xEIUuZ25raYWCIkXYbpPm7aJP77StL\ng7aNjYeNZrSKi9P5ODj0wzLqtTC0CF794rCpb+WlIPT9ZDNyb2LAQug2wD8gYZPZ\nLTlWek4JnuHwNzUHgK3RpAhHFXKsFmfvpKMAP6Pber2/vSAy8FDBHQLJiZYK2RB7\nCVcGgT8eimwij0zMM/a4SRWTYXJaQQIDAQABAoICADT91dQRKobsh5wCDusxHWzv\nZZFTzhPfTqDIN0npcZ66QTkfhhSzVVNrUgeErPXYiK7uAchGubAI9MkmAdmwYIHC\n7KiBxPsZe0I4cXhs06zK4MEXndN0yiUrRdgfGApIxYtU4Q89mLlKrrRej3YD+ED+\n2DfpS2WhFJSeyTDjTJCiIzP1Mm9eodWnTwqSSQlqCwoNADQCW0/ypyceUR3+gvxV\numZHV+08f5OSki4WD8o6/mcV/+tX61Fx2vYxBVCDv5tvBG9fHEi4Rlya0BuCQxM9\nz4FXIDK05Z8wLPA6OtLTNrT1UpV7EMsZxMH+r95F/mxbqZv89SOsiHpSG/oA9ohe\ncnwS7ZO/iFJa99eBO2zjf1u9Ejo5KpEOaeRBOT73xonzxbm3gG/k/ZnIz7RnI0oI\nP+kFK8RkyM0o8pBms+nB8l3Pi0qJmPOQdzEdOzz6eRhgf0OpYcEgcyzONWikUweW\nFJTYImUDNLHxLSgpn0aLpszxd32+5rcpytDVz/HDEEoX3IrcA7b3HbMJKWomDTmA\n9QLfE3sILuJoOPBH4wkFpJpyJgrqjKYYkoZj8jaXnemmWQyyIESl78Q0dDtGHAOb\nIcn8S9m8UfsoWkSDX45XwL4/oQJDntF2/IvalK4JZerT6xbFQJZF+8jxDP3mAGx0\nd+9KsTMagcCsIsKdczIlAoIBAQDiCIPovFk0tAqwej13rg5dZ6wwOd1XYr8Aquk9\nvub2L7iO6OfYfiw71B8t+4aNOjTaE8g09btEaBgnDGEmXghkK+oM0UhDEYwiNOg0\nFb3C6sJfDJGg3a8e1B2j8zGcttYk38u8Ud3Op4HsYBXepdvsZ4A9aKxC1rMzKBYw\nF3mltD+CiHI4BZqkjToxX3bKeZir4FWNf2w4HBgDyvNuIqkQD6Ty/bLZlchQx9G1\nfFgsEQOQ1Jy9unkRk09ZyZq+K2JiPMRDZRiePzbAEZ9vO5F462o3UBRk/bL8L2h+\nirSRcHojGXig0VIGYb4NQ6E1OQ9GAOur4BtyoITGawgu277jAoIBAQDII5pq0k9R\n8G0FU4+ut7NCX9hii/PTKGP5Sp/3SAexITzAuuSJ5CzlthPN1MWuCecGWDwQu0u8\nfe+vp0fAAf4XIbj44O73bc9GWucfxv4dw8+mpsWrpHWY4GrXb50pd9cit2YVR5c/\n4Dhjt+/dSWML7JMU3fpXJknK0v6Kc4P8SV4Kd2YS93YF9GpAgHFCsQIa6j/NzchJ\nQTx5cF/JlZRfVmSwYueS0EpfO6FGa9TS1UvVvuSYLKPK9k+mIFfphvhfu2snR7Tx\nT7opXEkVzt+kd5xBvE2UehcRb+NZuSNEB7Q6OMqvVQe6ILd6EGnUgYOd7axFQae7\nZhPb0tLJKIeLAoIBACEvit5iuN4qCN+8MsYdgfJoxDkYZczsrIpWjYQJQTOn8frZ\nayC39ZqbHDDOGwUlJJlYCi7sXSBAADvLb4AIkkbSw7w6BdgC/YYQKn9rKb8yZHM8\nDy2FHq7yCaAGlqQhm/MyAGGXy28J3ONtgAh+ZXmiAIwDkDcH+qtqGUfaSnvvqNtr\nWQmsmPXL3l1dXL2BeM7TUvxBVwwt48C6zV7AK/41rcwXP2j+urhRfhKdPPzLSrC6\n5oBcnmXcMOxH0zZUfE9cCJy0fRbOxSUR8UyNfGA6gA+67COfs+WeuELL7pLj5qq8\nlJ9X3CkftJ2R7ls4E2v9upwzfRQpSRUwpbTrgm0CggEBAIw1JQCgxSDKJhYNLCNi\nXhqpupWPJglPynniZZ5+v6S/fCgoxeI0D5/9pnIUFUiPd2FifvHZxH0QXNHZhtJk\nkvTxkvwH2GFOdF79X91LMsr3WomNW/2bASdQUIkMkDV01ypjAQj3VmZRVi/FtCx6\nNQEtgvyjZbWYBSoqFlg4BMbBPzhl3QR8iBoz2BvH35CxIKBqarhq6V0obo1ExFYc\njA0eIPvQzhp0ASYmSB1lfXsWIkJjsRFKdJTDaZkgH3ZiL64hRjgGbCSBjhFbrXex\nrcsyYC1NFaxmu7JjiApbQPFv1DrVfmjGUNt8AA1rYjiVYvdIgd8i17bZFCBz2WdD\nFXECggEAWsdFo0P7MVaMR7Bb6wQmZ3OK+QY+1jLQ3Irr+7zhXPzpvpV4R43B7jtH\nIddPeC7D9M8MFCdwxjvhZaMjdcBAinyamGz3qM1emEyZfXui/ayFXnKiQ1fR9K0/\nI0m04fvtvSdQCcG50BV/IUtnTzzsDYzJFZFzw2d57yLQXQLspzbyQRsELgnCQFOB\nB3yAD6YbEhgpG6cPhk/zaQaQj1ruiwv256o5XpMhVvo3SzaSocvzcr9p7/OUkv9r\n4t6imlBZ4NcGHJ2b4f9bdq/1m4d0T4biTQxSy+9tepjLuv+SQaovCfKtU86QAU0y\nyEIACmiJI6FH6EtYSkIlTvJQBHQYrg==\n-----END PRIVATE KEY-----\n",
            "public_key_fingerprint_md5": "c5:52:ad:25:67:80:2b:ba:a4:4b:c2:91:55:65:bb:54",
            "public_key_fingerprint_sha256": "SHA256:dt7pwjo8tcwY/B4lyaaR8oIyA+ZeDtmF78N6n239IMk",
            "public_key_openssh": "ssh-rsa AAAAB3NzaC1yc2EAAAADAQABAAACAQCwthaPTIkWORzpZUNfrSmlECv8NtuWjz2MjGvUtguYamVO4dWdxrzwXTuhhMEUA64jOzZjIm1gT0LJIbzBfb4XGcivJzbxJLLr2Erv1q7N0WnB+ZppQhNh1KmkiywBuuG98AkD+0IRARTDnWrBbb9gp3pjndO5P70sNwugwqCcFjG1XcDUzoD8uCUEsZC6XTGksDFoYne9LRjqb2AYy/Kldy84JtihRHZUQQxyycwVCL+qZfsKo+AupfuLtCFQgGLHTlLZte3+8GwF5y6FIWtXPyWRpuVpaFsG3LArPEj1l7vZpt7BTSFp8qIrrpXxGLF/MzRs05vqm2b0os2GlXekQUj6U/GI0nRmdFnPnOTkRbUxf8RwrLj9tXER+01nyFtWH9feov7Bq5U0BKAoDmaGmw7Hs8+ApcIXVhsDOcWK/ktapgwsowzwU743ToAH1BmJuCpFPX6sD3cebeTReuaaVAhZugncS672ynlywkVZm3UhU+xEIUuZ25raYWCIkXYbpPm7aJP77StLg7aNjYeNZrSKi9P5ODj0wzLqtTC0CF794rCpb+WlIPT9ZDNyb2LAQug2wD8gYZPZLTlWek4JnuHwNzUHgK3RpAhHFXKsFmfvpKMAP6Pber2/vSAy8FDBHQLJiZYK2RB7CVcGgT8eimwij0zMM/a4SRWTYXJaQQ==\n",
            "public_key_pem": "-----BEGIN PUBLIC KEY-----\nMIICIjANBgkqhkiG9w0BAQEFAAOCAg8AMIICCgKCAgEAsLYWj0yJFjkc6WVDX60p\npRAr/Dbblo89jIxr1LYLmGplTuHVnca88F07oYTBFAOuIzs2YyJtYE9CySG8wX2+\nFxnIryc28SSy69hK79auzdFpwfmaaUITYdSppIssAbrhvfAJA/tCEQEUw51qwW2/\nYKd6Y53TuT+9LDcLoMKgnBYxtV3A1M6A/LglBLGQul0xpLAxaGJ3vS0Y6m9gGMvy\npXcvOCbYoUR2VEEMcsnMFQi/qmX7CqPgLqX7i7QhUIBix05S2bXt/vBsBecuhSFr\nVz8lkablaWhbBtywKzxI9Ze72abewU0hafKiK66V8RixfzM0bNOb6ptm9KLNhpV3\npEFI+lPxiNJ0ZnRZz5zk5EW1MX/EcKy4/bVxEftNZ8hbVh/X3qL+wauVNASgKA5m\nhpsOx7PPgKXCF1YbAznFiv5LWqYMLKMM8FO+N06AB9QZibgqRT1+rA93Hm3k0Xrm\nmlQIWboJ3Euu9sp5csJFWZt1IVPsRCFLmdua2mFgiJF2G6T5u2iT++0rS4O2jY2H\njWa0iovT+Tg49MMy6rUwtAhe/eKwqW/lpSD0/WQzcm9iwELoNsA/IGGT2S05VnpO\nCZ7h8Dc1B4Ct0aQIRxVyrBZn76SjAD+j23q9v70gMvBQwR0CyYmWCtkQewlXBoE/\nHopsIo9MzDP2uEkVk2FyWkECAwEAAQ==\n-----END PUBLIC KEY-----\n",
            "rsa_bits": 4096
          },
          "sensitive_attributes": []
        }
      ]
    }
  ],
  "check_results": null
}
